// !$*UTF8*$!
{
	archiveVersion = 1;
	classes = {
	};
	objectVersion = 56;
	objects = {

/* Begin PBXBuildFile section */
		3B0C47D02A6CB2BF00ECFB08 /* SplashViewController.swift in Sources */ = {isa = PBXBuildFile; fileRef = 3B0C47CF2A6CB2BF00ECFB08 /* SplashViewController.swift */; };
		3B45FD362A594E2100043A5A /* AppDelegate.swift in Sources */ = {isa = PBXBuildFile; fileRef = 3B45FD352A594E2100043A5A /* AppDelegate.swift */; };
		3B45FD382A594E2100043A5A /* SceneDelegate.swift in Sources */ = {isa = PBXBuildFile; fileRef = 3B45FD372A594E2100043A5A /* SceneDelegate.swift */; };
		3B45FD3A2A594E2100043A5A /* LoginViewController.swift in Sources */ = {isa = PBXBuildFile; fileRef = 3B45FD392A594E2100043A5A /* LoginViewController.swift */; };
		3B45FD3D2A594E2100043A5A /* Login.storyboard in Resources */ = {isa = PBXBuildFile; fileRef = 3B45FD3B2A594E2100043A5A /* Login.storyboard */; };
		3B45FD3F2A594E2200043A5A /* Assets.xcassets in Resources */ = {isa = PBXBuildFile; fileRef = 3B45FD3E2A594E2200043A5A /* Assets.xcassets */; };
		3B45FD422A594E2200043A5A /* LaunchScreen.storyboard in Resources */ = {isa = PBXBuildFile; fileRef = 3B45FD402A594E2200043A5A /* LaunchScreen.storyboard */; };
		3B45FD4A2A594EBE00043A5A /* TodoListViewController.swift in Sources */ = {isa = PBXBuildFile; fileRef = 3B45FD492A594EBE00043A5A /* TodoListViewController.swift */; };
		3B45FD4E2A594EFE00043A5A /* TodoEditViewController.swift in Sources */ = {isa = PBXBuildFile; fileRef = 3B45FD4D2A594EFE00043A5A /* TodoEditViewController.swift */; };
		3B7D41492A5A68E60083DD42 /* TodoList.storyboard in Resources */ = {isa = PBXBuildFile; fileRef = 3B7D41482A5A68E60083DD42 /* TodoList.storyboard */; };
		3B7D414B2A5A69030083DD42 /* TodoListCell.xib in Resources */ = {isa = PBXBuildFile; fileRef = 3B7D414A2A5A69030083DD42 /* TodoListCell.xib */; };
		3B7D414D2A5A69230083DD42 /* TodoListCell.swift in Sources */ = {isa = PBXBuildFile; fileRef = 3B7D414C2A5A69230083DD42 /* TodoListCell.swift */; };
		3B81206A2A68E46A00E11F87 /* TodoAddViewController.swift in Sources */ = {isa = PBXBuildFile; fileRef = 3B8120692A68E46A00E11F87 /* TodoAddViewController.swift */; };
		3B81206C2A69232500E11F87 /* TodoEdit.storyboard in Resources */ = {isa = PBXBuildFile; fileRef = 3B81206B2A69232500E11F87 /* TodoEdit.storyboard */; };
		3B81206E2A69374100E11F87 /* GoogleService-Info.plist in Resources */ = {isa = PBXBuildFile; fileRef = 3B81206D2A69374100E11F87 /* GoogleService-Info.plist */; };
		3B8307232A72BA8600C3068B /* FirebaseUserManager.swift in Sources */ = {isa = PBXBuildFile; fileRef = 3B8307222A72BA8600C3068B /* FirebaseUserManager.swift */; };
		3B8307262A73B6E700C3068B /* TodoItem.swift in Sources */ = {isa = PBXBuildFile; fileRef = 3B8307252A73B6E700C3068B /* TodoItem.swift */; };
		3B8307282A741DB500C3068B /* NotificationName+.swift in Sources */ = {isa = PBXBuildFile; fileRef = 3B8307272A741DB500C3068B /* NotificationName+.swift */; };
		3B83074C2A7613C100C3068B /* UserDefaults+.swift in Sources */ = {isa = PBXBuildFile; fileRef = 3B83074B2A7613C100C3068B /* UserDefaults+.swift */; };
		3B8307552A76210E00C3068B /* Localizable.strings in Resources */ = {isa = PBXBuildFile; fileRef = 3B8307572A76210E00C3068B /* Localizable.strings */; };
		3B83075A2A762BE000C3068B /* AppConstants.swift in Sources */ = {isa = PBXBuildFile; fileRef = 3B8307592A762BE000C3068B /* AppConstants.swift */; };
		3B89EFCF2A6A2FA90033DC2F /* Router.swift in Sources */ = {isa = PBXBuildFile; fileRef = 3B89EFCE2A6A2FA90033DC2F /* Router.swift */; };
		3BBBAAA02A6CDDB300D19D8B /* UIViewController+.swift in Sources */ = {isa = PBXBuildFile; fileRef = 3BBBAA9F2A6CDDB300D19D8B /* UIViewController+.swift */; };
		3BFB669F2A651B5400F66A7A /* TodoAdd.storyboard in Resources */ = {isa = PBXBuildFile; fileRef = 3BFB669E2A651B5400F66A7A /* TodoAdd.storyboard */; };
		9904B60F1EFF80D47283F343 /* Pods_TodoApp.framework in Frameworks */ = {isa = PBXBuildFile; fileRef = DC579A4E3E544AD651814879 /* Pods_TodoApp.framework */; };
/* End PBXBuildFile section */

/* Begin PBXFileReference section */
		3B0C47CF2A6CB2BF00ECFB08 /* SplashViewController.swift */ = {isa = PBXFileReference; lastKnownFileType = sourcecode.swift; path = SplashViewController.swift; sourceTree = "<group>"; };
		3B45FD322A594E2100043A5A /* TodoApp.app */ = {isa = PBXFileReference; explicitFileType = wrapper.application; includeInIndex = 0; path = TodoApp.app; sourceTree = BUILT_PRODUCTS_DIR; };
		3B45FD352A594E2100043A5A /* AppDelegate.swift */ = {isa = PBXFileReference; lastKnownFileType = sourcecode.swift; path = AppDelegate.swift; sourceTree = "<group>"; };
		3B45FD372A594E2100043A5A /* SceneDelegate.swift */ = {isa = PBXFileReference; lastKnownFileType = sourcecode.swift; path = SceneDelegate.swift; sourceTree = "<group>"; };
		3B45FD392A594E2100043A5A /* LoginViewController.swift */ = {isa = PBXFileReference; lastKnownFileType = sourcecode.swift; path = LoginViewController.swift; sourceTree = "<group>"; };
		3B45FD3C2A594E2100043A5A /* Base */ = {isa = PBXFileReference; lastKnownFileType = file.storyboard; name = Base; path = Base.lproj/Login.storyboard; sourceTree = "<group>"; };
		3B45FD3E2A594E2200043A5A /* Assets.xcassets */ = {isa = PBXFileReference; lastKnownFileType = folder.assetcatalog; path = Assets.xcassets; sourceTree = "<group>"; };
		3B45FD412A594E2200043A5A /* Base */ = {isa = PBXFileReference; lastKnownFileType = file.storyboard; name = Base; path = Base.lproj/LaunchScreen.storyboard; sourceTree = "<group>"; };
		3B45FD432A594E2200043A5A /* Info.plist */ = {isa = PBXFileReference; lastKnownFileType = text.plist.xml; path = Info.plist; sourceTree = "<group>"; };
		3B45FD492A594EBE00043A5A /* TodoListViewController.swift */ = {isa = PBXFileReference; lastKnownFileType = sourcecode.swift; path = TodoListViewController.swift; sourceTree = "<group>"; usesTabs = 0; };
		3B45FD4D2A594EFE00043A5A /* TodoEditViewController.swift */ = {isa = PBXFileReference; lastKnownFileType = sourcecode.swift; path = TodoEditViewController.swift; sourceTree = "<group>"; };
		3B7D41482A5A68E60083DD42 /* TodoList.storyboard */ = {isa = PBXFileReference; lastKnownFileType = file.storyboard; path = TodoList.storyboard; sourceTree = "<group>"; };
		3B7D414A2A5A69030083DD42 /* TodoListCell.xib */ = {isa = PBXFileReference; lastKnownFileType = file.xib; path = TodoListCell.xib; sourceTree = "<group>"; };
		3B7D414C2A5A69230083DD42 /* TodoListCell.swift */ = {isa = PBXFileReference; lastKnownFileType = sourcecode.swift; path = TodoListCell.swift; sourceTree = "<group>"; };
		3B8120692A68E46A00E11F87 /* TodoAddViewController.swift */ = {isa = PBXFileReference; lastKnownFileType = sourcecode.swift; path = TodoAddViewController.swift; sourceTree = "<group>"; };
		3B81206B2A69232500E11F87 /* TodoEdit.storyboard */ = {isa = PBXFileReference; lastKnownFileType = file.storyboard; path = TodoEdit.storyboard; sourceTree = "<group>"; };
		3B81206D2A69374100E11F87 /* GoogleService-Info.plist */ = {isa = PBXFileReference; fileEncoding = 4; lastKnownFileType = text.plist.xml; path = "GoogleService-Info.plist"; sourceTree = "<group>"; };
		3B8307222A72BA8600C3068B /* FirebaseUserManager.swift */ = {isa = PBXFileReference; lastKnownFileType = sourcecode.swift; path = FirebaseUserManager.swift; sourceTree = "<group>"; };
		3B8307252A73B6E700C3068B /* TodoItem.swift */ = {isa = PBXFileReference; lastKnownFileType = sourcecode.swift; path = TodoItem.swift; sourceTree = "<group>"; };
		3B8307272A741DB500C3068B /* NotificationName+.swift */ = {isa = PBXFileReference; lastKnownFileType = sourcecode.swift; path = "NotificationName+.swift"; sourceTree = "<group>"; };
		3B83074B2A7613C100C3068B /* UserDefaults+.swift */ = {isa = PBXFileReference; lastKnownFileType = sourcecode.swift; path = "UserDefaults+.swift"; sourceTree = "<group>"; };
		3B8307522A76202800C3068B /* ja */ = {isa = PBXFileReference; lastKnownFileType = text.plist.strings; name = ja; path = ja.lproj/LaunchScreen.strings; sourceTree = "<group>"; };
		3B8307582A76210F00C3068B /* ja */ = {isa = PBXFileReference; lastKnownFileType = text.plist.strings; name = ja; path = ja.lproj/Localizable.strings; sourceTree = "<group>"; };
		3B8307592A762BE000C3068B /* AppConstants.swift */ = {isa = PBXFileReference; lastKnownFileType = sourcecode.swift; path = AppConstants.swift; sourceTree = "<group>"; };
		3B89EFCE2A6A2FA90033DC2F /* Router.swift */ = {isa = PBXFileReference; lastKnownFileType = sourcecode.swift; path = Router.swift; sourceTree = "<group>"; };
		3BBBAA9F2A6CDDB300D19D8B /* UIViewController+.swift */ = {isa = PBXFileReference; lastKnownFileType = sourcecode.swift; path = "UIViewController+.swift"; sourceTree = "<group>"; };
		3BFB669E2A651B5400F66A7A /* TodoAdd.storyboard */ = {isa = PBXFileReference; lastKnownFileType = file.storyboard; path = TodoAdd.storyboard; sourceTree = "<group>"; };
		4E03C1B43EC900001F5B3F7A /* Pods-TodoApp.debug.xcconfig */ = {isa = PBXFileReference; includeInIndex = 1; lastKnownFileType = text.xcconfig; name = "Pods-TodoApp.debug.xcconfig"; path = "Target Support Files/Pods-TodoApp/Pods-TodoApp.debug.xcconfig"; sourceTree = "<group>"; };
		5EAE802115F72830F52448B5 /* Pods-TodoApp.release.xcconfig */ = {isa = PBXFileReference; includeInIndex = 1; lastKnownFileType = text.xcconfig; name = "Pods-TodoApp.release.xcconfig"; path = "Target Support Files/Pods-TodoApp/Pods-TodoApp.release.xcconfig"; sourceTree = "<group>"; };
		DC579A4E3E544AD651814879 /* Pods_TodoApp.framework */ = {isa = PBXFileReference; explicitFileType = wrapper.framework; includeInIndex = 0; path = Pods_TodoApp.framework; sourceTree = BUILT_PRODUCTS_DIR; };
/* End PBXFileReference section */

/* Begin PBXFrameworksBuildPhase section */
		3B45FD2F2A594E2100043A5A /* Frameworks */ = {
			isa = PBXFrameworksBuildPhase;
			buildActionMask = 2147483647;
			files = (
				9904B60F1EFF80D47283F343 /* Pods_TodoApp.framework in Frameworks */,
			);
			runOnlyForDeploymentPostprocessing = 0;
		};
/* End PBXFrameworksBuildPhase section */

/* Begin PBXGroup section */
		2707440E425E8BC90A22D5A4 /* Frameworks */ = {
			isa = PBXGroup;
			children = (
				DC579A4E3E544AD651814879 /* Pods_TodoApp.framework */,
			);
			name = Frameworks;
			sourceTree = "<group>";
		};
		368DCB071151E9BE02E07F36 /* Pods */ = {
			isa = PBXGroup;
			children = (
				4E03C1B43EC900001F5B3F7A /* Pods-TodoApp.debug.xcconfig */,
				5EAE802115F72830F52448B5 /* Pods-TodoApp.release.xcconfig */,
			);
			path = Pods;
			sourceTree = "<group>";
		};
		3B45FD292A594E2100043A5A = {
			isa = PBXGroup;
			children = (
				3B45FD342A594E2100043A5A /* TodoApp */,
				3B45FD332A594E2100043A5A /* Products */,
				368DCB071151E9BE02E07F36 /* Pods */,
				2707440E425E8BC90A22D5A4 /* Frameworks */,
			);
			sourceTree = "<group>";
		};
		3B45FD332A594E2100043A5A /* Products */ = {
			isa = PBXGroup;
			children = (
				3B45FD322A594E2100043A5A /* TodoApp.app */,
			);
			name = Products;
			sourceTree = "<group>";
		};
		3B45FD342A594E2100043A5A /* TodoApp */ = {
			isa = PBXGroup;
			children = (
				3B8365372A6CDCEE006526A2 /* Util */,
				3B45FD352A594E2100043A5A /* AppDelegate.swift */,
				3B45FD372A594E2100043A5A /* SceneDelegate.swift */,
				3B8307242A73B6C500C3068B /* Model */,
				3B7D41452A5A684B0083DD42 /* LoginMain */,
				3B45FD3E2A594E2200043A5A /* Assets.xcassets */,
				3B45FD402A594E2200043A5A /* LaunchScreen.storyboard */,
				3B8307572A76210E00C3068B /* Localizable.strings */,
				3B0C47CF2A6CB2BF00ECFB08 /* SplashViewController.swift */,
				3B45FD432A594E2200043A5A /* Info.plist */,
				3B7D41462A5A68820083DD42 /* TodoList */,
				3BFB669B2A651B1B00F66A7A /* TodoAdd */,
				3B7D41472A5A689B0083DD42 /* TodoEdit */,
			);
			path = TodoApp;
			sourceTree = "<group>";
		};
		3B7D41452A5A684B0083DD42 /* LoginMain */ = {
			isa = PBXGroup;
			children = (
				3B45FD392A594E2100043A5A /* LoginViewController.swift */,
				3B45FD3B2A594E2100043A5A /* Login.storyboard */,
			);
			path = LoginMain;
			sourceTree = "<group>";
		};
		3B7D41462A5A68820083DD42 /* TodoList */ = {
			isa = PBXGroup;
			children = (
				3B7D41482A5A68E60083DD42 /* TodoList.storyboard */,
				3B45FD492A594EBE00043A5A /* TodoListViewController.swift */,
				3B7D414A2A5A69030083DD42 /* TodoListCell.xib */,
				3B7D414C2A5A69230083DD42 /* TodoListCell.swift */,
			);
			path = TodoList;
			sourceTree = "<group>";
		};
		3B7D41472A5A689B0083DD42 /* TodoEdit */ = {
			isa = PBXGroup;
			children = (
				3B45FD4D2A594EFE00043A5A /* TodoEditViewController.swift */,
				3B81206B2A69232500E11F87 /* TodoEdit.storyboard */,
				3B81206D2A69374100E11F87 /* GoogleService-Info.plist */,
			);
			path = TodoEdit;
			sourceTree = "<group>";
		};
		3B8307242A73B6C500C3068B /* Model */ = {
			isa = PBXGroup;
			children = (
				3B8307252A73B6E700C3068B /* TodoItem.swift */,
			);
			path = Model;
			sourceTree = "<group>";
		};
		3B8365372A6CDCEE006526A2 /* Util */ = {
			isa = PBXGroup;
			children = (
				3B89EFCD2A6A2F910033DC2F /* Router */,
				3BBBAA9F2A6CDDB300D19D8B /* UIViewController+.swift */,
				3B8307272A741DB500C3068B /* NotificationName+.swift */,
				3B8307222A72BA8600C3068B /* FirebaseUserManager.swift */,
				3B83074B2A7613C100C3068B /* UserDefaults+.swift */,
				3B8307592A762BE000C3068B /* AppConstants.swift */,
			);
			path = Util;
			sourceTree = "<group>";
		};
		3B89EFCD2A6A2F910033DC2F /* Router */ = {
			isa = PBXGroup;
			children = (
				3B89EFCE2A6A2FA90033DC2F /* Router.swift */,
			);
			path = Router;
			sourceTree = "<group>";
		};
		3BFB669B2A651B1B00F66A7A /* TodoAdd */ = {
			isa = PBXGroup;
			children = (
				3BFB669E2A651B5400F66A7A /* TodoAdd.storyboard */,
				3B8120692A68E46A00E11F87 /* TodoAddViewController.swift */,
			);
			path = TodoAdd;
			sourceTree = "<group>";
		};
/* End PBXGroup section */

/* Begin PBXNativeTarget section */
		3B45FD312A594E2100043A5A /* TodoApp */ = {
			isa = PBXNativeTarget;
			buildConfigurationList = 3B45FD462A594E2200043A5A /* Build configuration list for PBXNativeTarget "TodoApp" */;
			buildPhases = (
				3B6E71F6911531299EF62A26 /* [CP] Check Pods Manifest.lock */,
				3B45FD2E2A594E2100043A5A /* Sources */,
				3B45FD2F2A594E2100043A5A /* Frameworks */,
				3B45FD302A594E2100043A5A /* Resources */,
				7A113BD24FE27E02F2A3C92F /* [CP] Embed Pods Frameworks */,
			);
			buildRules = (
			);
			dependencies = (
			);
			name = TodoApp;
			productName = TodoApp;
			productReference = 3B45FD322A594E2100043A5A /* TodoApp.app */;
			productType = "com.apple.product-type.application";
		};
/* End PBXNativeTarget section */

/* Begin PBXProject section */
		3B45FD2A2A594E2100043A5A /* Project object */ = {
			isa = PBXProject;
			attributes = {
				BuildIndependentTargetsInParallel = 1;
				LastSwiftUpdateCheck = 1420;
				LastUpgradeCheck = 1420;
				TargetAttributes = {
					3B45FD312A594E2100043A5A = {
						CreatedOnToolsVersion = 14.2;
					};
				};
			};
			buildConfigurationList = 3B45FD2D2A594E2100043A5A /* Build configuration list for PBXProject "TodoApp" */;
			compatibilityVersion = "Xcode 14.0";
			developmentRegion = en;
			hasScannedForEncodings = 0;
			knownRegions = (
				en,
				Base,
				ja,
			);
			mainGroup = 3B45FD292A594E2100043A5A;
			productRefGroup = 3B45FD332A594E2100043A5A /* Products */;
			projectDirPath = "";
			projectRoot = "";
			targets = (
				3B45FD312A594E2100043A5A /* TodoApp */,
			);
		};
/* End PBXProject section */

/* Begin PBXResourcesBuildPhase section */
		3B45FD302A594E2100043A5A /* Resources */ = {
			isa = PBXResourcesBuildPhase;
			buildActionMask = 2147483647;
			files = (
				3B7D41492A5A68E60083DD42 /* TodoList.storyboard in Resources */,
				3B81206E2A69374100E11F87 /* GoogleService-Info.plist in Resources */,
				3B45FD422A594E2200043A5A /* LaunchScreen.storyboard in Resources */,
				3B81206C2A69232500E11F87 /* TodoEdit.storyboard in Resources */,
				3B8307552A76210E00C3068B /* Localizable.strings in Resources */,
				3B45FD3F2A594E2200043A5A /* Assets.xcassets in Resources */,
				3B45FD3D2A594E2100043A5A /* Login.storyboard in Resources */,
				3BFB669F2A651B5400F66A7A /* TodoAdd.storyboard in Resources */,
				3B7D414B2A5A69030083DD42 /* TodoListCell.xib in Resources */,
			);
			runOnlyForDeploymentPostprocessing = 0;
		};
/* End PBXResourcesBuildPhase section */

/* Begin PBXShellScriptBuildPhase section */
		3B6E71F6911531299EF62A26 /* [CP] Check Pods Manifest.lock */ = {
			isa = PBXShellScriptBuildPhase;
			buildActionMask = 2147483647;
			files = (
			);
			inputFileListPaths = (
			);
			inputPaths = (
				"${PODS_PODFILE_DIR_PATH}/Podfile.lock",
				"${PODS_ROOT}/Manifest.lock",
			);
			name = "[CP] Check Pods Manifest.lock";
			outputFileListPaths = (
			);
			outputPaths = (
				"$(DERIVED_FILE_DIR)/Pods-TodoApp-checkManifestLockResult.txt",
			);
			runOnlyForDeploymentPostprocessing = 0;
			shellPath = /bin/sh;
			shellScript = "diff \"${PODS_PODFILE_DIR_PATH}/Podfile.lock\" \"${PODS_ROOT}/Manifest.lock\" > /dev/null\nif [ $? != 0 ] ; then\n    # print error to STDERR\n    echo \"error: The sandbox is not in sync with the Podfile.lock. Run 'pod install' or update your CocoaPods installation.\" >&2\n    exit 1\nfi\n# This output is used by Xcode 'outputs' to avoid re-running this script phase.\necho \"SUCCESS\" > \"${SCRIPT_OUTPUT_FILE_0}\"\n";
			showEnvVarsInLog = 0;
		};
		7A113BD24FE27E02F2A3C92F /* [CP] Embed Pods Frameworks */ = {
			isa = PBXShellScriptBuildPhase;
			buildActionMask = 2147483647;
			files = (
			);
			inputFileListPaths = (
				"${PODS_ROOT}/Target Support Files/Pods-TodoApp/Pods-TodoApp-frameworks-${CONFIGURATION}-input-files.xcfilelist",
			);
			name = "[CP] Embed Pods Frameworks";
			outputFileListPaths = (
				"${PODS_ROOT}/Target Support Files/Pods-TodoApp/Pods-TodoApp-frameworks-${CONFIGURATION}-output-files.xcfilelist",
			);
			runOnlyForDeploymentPostprocessing = 0;
			shellPath = /bin/sh;
			shellScript = "\"${PODS_ROOT}/Target Support Files/Pods-TodoApp/Pods-TodoApp-frameworks.sh\"\n";
			showEnvVarsInLog = 0;
		};
/* End PBXShellScriptBuildPhase section */

/* Begin PBXSourcesBuildPhase section */
		3B45FD2E2A594E2100043A5A /* Sources */ = {
			isa = PBXSourcesBuildPhase;
			buildActionMask = 2147483647;
			files = (
				3B89EFCF2A6A2FA90033DC2F /* Router.swift in Sources */,
				3B45FD4A2A594EBE00043A5A /* TodoListViewController.swift in Sources */,
				3B83074C2A7613C100C3068B /* UserDefaults+.swift in Sources */,
				3BBBAAA02A6CDDB300D19D8B /* UIViewController+.swift in Sources */,
				3B83075A2A762BE000C3068B /* AppConstants.swift in Sources */,
				3B8307232A72BA8600C3068B /* FirebaseUserManager.swift in Sources */,
				3B45FD3A2A594E2100043A5A /* LoginViewController.swift in Sources */,
				3B0C47D02A6CB2BF00ECFB08 /* SplashViewController.swift in Sources */,
				3B45FD362A594E2100043A5A /* AppDelegate.swift in Sources */,
				3B81206A2A68E46A00E11F87 /* TodoAddViewController.swift in Sources */,
				3B8307262A73B6E700C3068B /* TodoItem.swift in Sources */,
				3B8307282A741DB500C3068B /* NotificationName+.swift in Sources */,
				3B45FD4E2A594EFE00043A5A /* TodoEditViewController.swift in Sources */,
				3B45FD382A594E2100043A5A /* SceneDelegate.swift in Sources */,
				3B7D414D2A5A69230083DD42 /* TodoListCell.swift in Sources */,
			);
			runOnlyForDeploymentPostprocessing = 0;
		};
/* End PBXSourcesBuildPhase section */

/* Begin PBXVariantGroup section */
		3B45FD3B2A594E2100043A5A /* Login.storyboard */ = {
			isa = PBXVariantGroup;
			children = (
				3B45FD3C2A594E2100043A5A /* Base */,
			);
			name = Login.storyboard;
			sourceTree = "<group>";
		};
		3B45FD402A594E2200043A5A /* LaunchScreen.storyboard */ = {
			isa = PBXVariantGroup;
			children = (
				3B45FD412A594E2200043A5A /* Base */,
				3B8307522A76202800C3068B /* ja */,
			);
			name = LaunchScreen.storyboard;
			sourceTree = "<group>";
		};
		3B8307572A76210E00C3068B /* Localizable.strings */ = {
			isa = PBXVariantGroup;
			children = (
				3B8307582A76210F00C3068B /* ja */,
			);
			name = Localizable.strings;
			sourceTree = "<group>";
		};
/* End PBXVariantGroup section */

/* Begin XCBuildConfiguration section */
		3B45FD442A594E2200043A5A /* Debug */ = {
			isa = XCBuildConfiguration;
			buildSettings = {
				ALWAYS_SEARCH_USER_PATHS = NO;
				CLANG_ANALYZER_LOCALIZABILITY_NONLOCALIZED = YES;
				CLANG_ANALYZER_NONNULL = YES;
				CLANG_ANALYZER_NUMBER_OBJECT_CONVERSION = YES_AGGRESSIVE;
				CLANG_CXX_LANGUAGE_STANDARD = "gnu++20";
				CLANG_ENABLE_MODULES = YES;
				CLANG_ENABLE_OBJC_ARC = YES;
				CLANG_ENABLE_OBJC_WEAK = YES;
				CLANG_WARN_BLOCK_CAPTURE_AUTORELEASING = YES;
				CLANG_WARN_BOOL_CONVERSION = YES;
				CLANG_WARN_COMMA = YES;
				CLANG_WARN_CONSTANT_CONVERSION = YES;
				CLANG_WARN_DEPRECATED_OBJC_IMPLEMENTATIONS = YES;
				CLANG_WARN_DIRECT_OBJC_ISA_USAGE = YES_ERROR;
				CLANG_WARN_DOCUMENTATION_COMMENTS = YES;
				CLANG_WARN_EMPTY_BODY = YES;
				CLANG_WARN_ENUM_CONVERSION = YES;
				CLANG_WARN_INFINITE_RECURSION = YES;
				CLANG_WARN_INT_CONVERSION = YES;
				CLANG_WARN_NON_LITERAL_NULL_CONVERSION = YES;
				CLANG_WARN_OBJC_IMPLICIT_RETAIN_SELF = YES;
				CLANG_WARN_OBJC_LITERAL_CONVERSION = YES;
				CLANG_WARN_OBJC_ROOT_CLASS = YES_ERROR;
				CLANG_WARN_QUOTED_INCLUDE_IN_FRAMEWORK_HEADER = YES;
				CLANG_WARN_RANGE_LOOP_ANALYSIS = YES;
				CLANG_WARN_STRICT_PROTOTYPES = YES;
				CLANG_WARN_SUSPICIOUS_MOVE = YES;
				CLANG_WARN_UNGUARDED_AVAILABILITY = YES_AGGRESSIVE;
				CLANG_WARN_UNREACHABLE_CODE = YES;
				CLANG_WARN__DUPLICATE_METHOD_MATCH = YES;
				COPY_PHASE_STRIP = NO;
				DEBUG_INFORMATION_FORMAT = dwarf;
				ENABLE_STRICT_OBJC_MSGSEND = YES;
				ENABLE_TESTABILITY = YES;
				GCC_C_LANGUAGE_STANDARD = gnu11;
				GCC_DYNAMIC_NO_PIC = NO;
				GCC_NO_COMMON_BLOCKS = YES;
				GCC_OPTIMIZATION_LEVEL = 0;
				GCC_PREPROCESSOR_DEFINITIONS = (
					"DEBUG=1",
					"$(inherited)",
				);
				GCC_WARN_64_TO_32_BIT_CONVERSION = YES;
				GCC_WARN_ABOUT_RETURN_TYPE = YES_ERROR;
				GCC_WARN_UNDECLARED_SELECTOR = YES;
				GCC_WARN_UNINITIALIZED_AUTOS = YES_AGGRESSIVE;
				GCC_WARN_UNUSED_FUNCTION = YES;
				GCC_WARN_UNUSED_VARIABLE = YES;
				IPHONEOS_DEPLOYMENT_TARGET = 15.0;
				MTL_ENABLE_DEBUG_INFO = INCLUDE_SOURCE;
				MTL_FAST_MATH = YES;
				ONLY_ACTIVE_ARCH = YES;
				SDKROOT = iphoneos;
				SWIFT_ACTIVE_COMPILATION_CONDITIONS = DEBUG;
				SWIFT_OPTIMIZATION_LEVEL = "-Onone";
			};
			name = Debug;
		};
		3B45FD452A594E2200043A5A /* Release */ = {
			isa = XCBuildConfiguration;
			buildSettings = {
				ALWAYS_SEARCH_USER_PATHS = NO;
				CLANG_ANALYZER_LOCALIZABILITY_NONLOCALIZED = YES;
				CLANG_ANALYZER_NONNULL = YES;
				CLANG_ANALYZER_NUMBER_OBJECT_CONVERSION = YES_AGGRESSIVE;
				CLANG_CXX_LANGUAGE_STANDARD = "gnu++20";
				CLANG_ENABLE_MODULES = YES;
				CLANG_ENABLE_OBJC_ARC = YES;
				CLANG_ENABLE_OBJC_WEAK = YES;
				CLANG_WARN_BLOCK_CAPTURE_AUTORELEASING = YES;
				CLANG_WARN_BOOL_CONVERSION = YES;
				CLANG_WARN_COMMA = YES;
				CLANG_WARN_CONSTANT_CONVERSION = YES;
				CLANG_WARN_DEPRECATED_OBJC_IMPLEMENTATIONS = YES;
				CLANG_WARN_DIRECT_OBJC_ISA_USAGE = YES_ERROR;
				CLANG_WARN_DOCUMENTATION_COMMENTS = YES;
				CLANG_WARN_EMPTY_BODY = YES;
				CLANG_WARN_ENUM_CONVERSION = YES;
				CLANG_WARN_INFINITE_RECURSION = YES;
				CLANG_WARN_INT_CONVERSION = YES;
				CLANG_WARN_NON_LITERAL_NULL_CONVERSION = YES;
				CLANG_WARN_OBJC_IMPLICIT_RETAIN_SELF = YES;
				CLANG_WARN_OBJC_LITERAL_CONVERSION = YES;
				CLANG_WARN_OBJC_ROOT_CLASS = YES_ERROR;
				CLANG_WARN_QUOTED_INCLUDE_IN_FRAMEWORK_HEADER = YES;
				CLANG_WARN_RANGE_LOOP_ANALYSIS = YES;
				CLANG_WARN_STRICT_PROTOTYPES = YES;
				CLANG_WARN_SUSPICIOUS_MOVE = YES;
				CLANG_WARN_UNGUARDED_AVAILABILITY = YES_AGGRESSIVE;
				CLANG_WARN_UNREACHABLE_CODE = YES;
				CLANG_WARN__DUPLICATE_METHOD_MATCH = YES;
				COPY_PHASE_STRIP = NO;
				DEBUG_INFORMATION_FORMAT = "dwarf-with-dsym";
				ENABLE_NS_ASSERTIONS = NO;
				ENABLE_STRICT_OBJC_MSGSEND = YES;
				GCC_C_LANGUAGE_STANDARD = gnu11;
				GCC_NO_COMMON_BLOCKS = YES;
				GCC_WARN_64_TO_32_BIT_CONVERSION = YES;
				GCC_WARN_ABOUT_RETURN_TYPE = YES_ERROR;
				GCC_WARN_UNDECLARED_SELECTOR = YES;
				GCC_WARN_UNINITIALIZED_AUTOS = YES_AGGRESSIVE;
				GCC_WARN_UNUSED_FUNCTION = YES;
				GCC_WARN_UNUSED_VARIABLE = YES;
				IPHONEOS_DEPLOYMENT_TARGET = 15.0;
				MTL_ENABLE_DEBUG_INFO = NO;
				MTL_FAST_MATH = YES;
				SDKROOT = iphoneos;
				SWIFT_COMPILATION_MODE = wholemodule;
				SWIFT_OPTIMIZATION_LEVEL = "-O";
				VALIDATE_PRODUCT = YES;
			};
			name = Release;
		};
		3B45FD472A594E2200043A5A /* Debug */ = {
			isa = XCBuildConfiguration;
			baseConfigurationReference = 4E03C1B43EC900001F5B3F7A /* Pods-TodoApp.debug.xcconfig */;
			buildSettings = {
				ASSETCATALOG_COMPILER_APPICON_NAME = AppIcon;
				ASSETCATALOG_COMPILER_GLOBAL_ACCENT_COLOR_NAME = AccentColor;
				CODE_SIGN_STYLE = Automatic;
				CURRENT_PROJECT_VERSION = 1;
				DEVELOPMENT_TEAM = DW275526Z6;
				GENERATE_INFOPLIST_FILE = YES;
				INFOPLIST_FILE = TodoApp/Info.plist;
				INFOPLIST_KEY_UIApplicationSupportsIndirectInputEvents = YES;
				INFOPLIST_KEY_UILaunchStoryboardName = LaunchScreen;
				INFOPLIST_KEY_UISupportedInterfaceOrientations_iPad = "UIInterfaceOrientationPortrait UIInterfaceOrientationPortraitUpsideDown UIInterfaceOrientationLandscapeLeft UIInterfaceOrientationLandscapeRight";
				INFOPLIST_KEY_UISupportedInterfaceOrientations_iPhone = "UIInterfaceOrientationPortrait UIInterfaceOrientationLandscapeLeft UIInterfaceOrientationLandscapeRight";
				IPHONEOS_DEPLOYMENT_TARGET = 15.0;
				LD_RUNPATH_SEARCH_PATHS = (
					"$(inherited)",
					"@executable_path/Frameworks",
				);
				MARKETING_VERSION = 1.0;
				PRODUCT_BUNDLE_IDENTIFIER = com.imael.TodoApp;
				PRODUCT_NAME = "$(TARGET_NAME)";
				SWIFT_EMIT_LOC_STRINGS = YES;
				SWIFT_VERSION = 5.0;
				TARGETED_DEVICE_FAMILY = "1,2";
			};
			name = Debug;
		};
		3B45FD482A594E2200043A5A /* Release */ = {
			isa = XCBuildConfiguration;
			baseConfigurationReference = 5EAE802115F72830F52448B5 /* Pods-TodoApp.release.xcconfig */;
			buildSettings = {
				ASSETCATALOG_COMPILER_APPICON_NAME = AppIcon;
				ASSETCATALOG_COMPILER_GLOBAL_ACCENT_COLOR_NAME = AccentColor;
				CODE_SIGN_STYLE = Automatic;
				CURRENT_PROJECT_VERSION = 1;
				DEVELOPMENT_TEAM = DW275526Z6;
				GENERATE_INFOPLIST_FILE = YES;
				INFOPLIST_FILE = TodoApp/Info.plist;
				INFOPLIST_KEY_UIApplicationSupportsIndirectInputEvents = YES;
				INFOPLIST_KEY_UILaunchStoryboardName = LaunchScreen;
				INFOPLIST_KEY_UISupportedInterfaceOrientations_iPad = "UIInterfaceOrientationPortrait UIInterfaceOrientationPortraitUpsideDown UIInterfaceOrientationLandscapeLeft UIInterfaceOrientationLandscapeRight";
				INFOPLIST_KEY_UISupportedInterfaceOrientations_iPhone = "UIInterfaceOrientationPortrait UIInterfaceOrientationLandscapeLeft UIInterfaceOrientationLandscapeRight";
				IPHONEOS_DEPLOYMENT_TARGET = 15.0;
				LD_RUNPATH_SEARCH_PATHS = (
					"$(inherited)",
					"@executable_path/Frameworks",
				);
				MARKETING_VERSION = 1.0;
				PRODUCT_BUNDLE_IDENTIFIER = com.imael.TodoApp;
				PRODUCT_NAME = "$(TARGET_NAME)";
				SWIFT_EMIT_LOC_STRINGS = YES;
				SWIFT_VERSION = 5.0;
				TARGETED_DEVICE_FAMILY = "1,2";
			};
			name = Release;
		};
/* End XCBuildConfiguration section */

/* Begin XCConfigurationList section */
		3B45FD2D2A594E2100043A5A /* Build configuration list for PBXProject "TodoApp" */ = {
			isa = XCConfigurationList;
			buildConfigurations = (
				3B45FD442A594E2200043A5A /* Debug */,
				3B45FD452A594E2200043A5A /* Release */,
			);
			defaultConfigurationIsVisible = 0;
			defaultConfigurationName = Release;
		};
		3B45FD462A594E2200043A5A /* Build configuration list for PBXNativeTarget "TodoApp" */ = {
			isa = XCConfigurationList;
			buildConfigurations = (
				3B45FD472A594E2200043A5A /* Debug */,
				3B45FD482A594E2200043A5A /* Release */,
			);
			defaultConfigurationIsVisible = 0;
			defaultConfigurationName = Release;
		};
/* End XCConfigurationList section */
	};
	rootObject = 3B45FD2A2A594E2100043A5A /* Project object */;
}
